
Microsoft Visual Studio Solution File, Format Version 12.00
# Visual Studio 15
VisualStudioVersion = 15.0.26430.14
MinimumVisualStudioVersion = 10.0.40219.1
Project("{FAE04EC0-301F-11D3-BF4B-00C04F79EFBC}") = "RTTicTacToe.CQRS", "RTTicTacToe.CQRS\RTTicTacToe.CQRS.csproj", "{6CF7DBCD-A9A4-4306-A493-C01D6A8173EE}"
EndProject
Project("{FAE04EC0-301F-11D3-BF4B-00C04F79EFBC}") = "RTTicTacToe.CQRS.Tests", "RTTicTacToe.CQRS.Tests\RTTicTacToe.CQRS.Tests.csproj", "{9DA6DCF2-3086-490C-A1FD-EE909C951D68}"
EndProject
Project("{2150E333-8FDC-42A3-9474-1A3956D46DE8}") = "Frontend", "Frontend", "{842C8DB0-182E-4245-A41F-350DDC33EB52}"
EndProject
Project("{FAE04EC0-301F-11D3-BF4B-00C04F79EFBC}") = "RTTicTacToe.WebApi", "RTTicTacToe.WebApi\RTTicTacToe.WebApi.csproj", "{D0820B4F-32CA-4983-9700-170F0223169B}"
EndProject
Global
	GlobalSection(SolutionConfigurationPlatforms) = preSolution
		Debug|Any CPU = Debug|Any CPU
		Release|Any CPU = Release|Any CPU
	EndGlobalSection
	GlobalSection(ProjectConfigurationPlatforms) = postSolution
		{6CF7DBCD-A9A4-4306-A493-C01D6A8173EE}.Debug|Any CPU.ActiveCfg = Debug|Any CPU
		{6CF7DBCD-A9A4-4306-A493-C01D6A8173EE}.Debug|Any CPU.Build.0 = Debug|Any CPU
		{6CF7DBCD-A9A4-4306-A493-C01D6A8173EE}.Release|Any CPU.ActiveCfg = Release|Any CPU
		{6CF7DBCD-A9A4-4306-A493-C01D6A8173EE}.Release|Any CPU.Build.0 = Release|Any CPU
		{9DA6DCF2-3086-490C-A1FD-EE909C951D68}.Debug|Any CPU.ActiveCfg = Debug|Any CPU
		{9DA6DCF2-3086-490C-A1FD-EE909C951D68}.Debug|Any CPU.Build.0 = Debug|Any CPU
		{9DA6DCF2-3086-490C-A1FD-EE909C951D68}.Release|Any CPU.ActiveCfg = Release|Any CPU
		{9DA6DCF2-3086-490C-A1FD-EE909C951D68}.Release|Any CPU.Build.0 = Release|Any CPU
		{D0820B4F-32CA-4983-9700-170F0223169B}.Debug|Any CPU.ActiveCfg = Debug|Any CPU
		{D0820B4F-32CA-4983-9700-170F0223169B}.Debug|Any CPU.Build.0 = Debug|Any CPU
		{D0820B4F-32CA-4983-9700-170F0223169B}.Release|Any CPU.ActiveCfg = Release|Any CPU
		{D0820B4F-32CA-4983-9700-170F0223169B}.Release|Any CPU.Build.0 = Release|Any CPU
	EndGlobalSection
	GlobalSection(SolutionProperties) = preSolution
		HideSolutionNode = FALSE
	EndGlobalSection
	GlobalSection(ExtensibilityGlobals) = postSolution
		SolutionGuid = {6DC9F0E3-734E-4C9D-882B-8590B3573AFB}
	EndGlobalSection
EndGlobal
