
Microsoft Visual Studio Solution File, Format Version 12.00
# Visual Studio Version 16
VisualStudioVersion = 16.0.31424.327
MinimumVisualStudioVersion = 10.0.40219.1
Project("{FAE04EC0-301F-11D3-BF4B-00C04F79EFBC}") = "RTTicTacToe.Forms.UWP", "Frontend\XF\RTTicTacToe.Forms.UWP\RTTicTacToe.Forms.UWP.csproj", "{9473FCB2-0C69-47FF-A95A-8A9857C3EF26}"
EndProject
Project("{FAE04EC0-301F-11D3-BF4B-00C04F79EFBC}") = "RTTicTacToe.Forms.Android", "Frontend\XF\RTTicTacToe.Forms.Android\RTTicTacToe.Forms.Android.csproj", "{C67011B8-FC61-4511-9FA1-BD414839403A}"
EndProject
Project("{FAE04EC0-301F-11D3-BF4B-00C04F79EFBC}") = "RTTicTacToe.Forms.iOS", "Frontend\XF\RTTicTacToe.Forms.iOS\RTTicTacToe.Forms.iOS.csproj", "{BAE6810E-64E1-4F58-9FFC-C5AB0D5F216B}"
EndProject
Project("{9A19103F-16F7-4668-BE54-9A1E7A4F7556}") = "RTTicTacToe.Forms", "Frontend\XF\RTTicTacToe.Forms\RTTicTacToe.Forms.csproj", "{7292A481-A143-4738-B418-E7F70E8A5325}"
EndProject
Project("{9A19103F-16F7-4668-BE54-9A1E7A4F7556}") = "RTTicTacToe.WebApi.Models", "RTTicTacToe.WebApi.Models\RTTicTacToe.WebApi.Models.csproj", "{DB6A4D83-005D-43AC-94D6-D0066E83ADDA}"
EndProject
Global
	GlobalSection(SolutionConfigurationPlatforms) = preSolution
		Debug|Any CPU = Debug|Any CPU
		Debug|ARM = Debug|ARM
		Debug|iPhone = Debug|iPhone
		Debug|iPhoneSimulator = Debug|iPhoneSimulator
		Debug|x64 = Debug|x64
		Debug|x86 = Debug|x86
		Release|Any CPU = Release|Any CPU
		Release|ARM = Release|ARM
		Release|iPhone = Release|iPhone
		Release|iPhoneSimulator = Release|iPhoneSimulator
		Release|x64 = Release|x64
		Release|x86 = Release|x86
	EndGlobalSection
	GlobalSection(ProjectConfigurationPlatforms) = postSolution
		{9473FCB2-0C69-47FF-A95A-8A9857C3EF26}.Debug|Any CPU.ActiveCfg = Debug|x86
		{9473FCB2-0C69-47FF-A95A-8A9857C3EF26}.Debug|Any CPU.Build.0 = Debug|x86
		{9473FCB2-0C69-47FF-A95A-8A9857C3EF26}.Debug|Any CPU.Deploy.0 = Debug|x86
		{9473FCB2-0C69-47FF-A95A-8A9857C3EF26}.Debug|ARM.ActiveCfg = Debug|ARM
		{9473FCB2-0C69-47FF-A95A-8A9857C3EF26}.Debug|ARM.Build.0 = Debug|ARM
		{9473FCB2-0C69-47FF-A95A-8A9857C3EF26}.Debug|ARM.Deploy.0 = Debug|ARM
		{9473FCB2-0C69-47FF-A95A-8A9857C3EF26}.Debug|iPhone.ActiveCfg = Debug|x86
		{9473FCB2-0C69-47FF-A95A-8A9857C3EF26}.Debug|iPhone.Build.0 = Debug|x86
		{9473FCB2-0C69-47FF-A95A-8A9857C3EF26}.Debug|iPhone.Deploy.0 = Debug|x86
		{9473FCB2-0C69-47FF-A95A-8A9857C3EF26}.Debug|iPhoneSimulator.ActiveCfg = Debug|x86
		{9473FCB2-0C69-47FF-A95A-8A9857C3EF26}.Debug|iPhoneSimulator.Build.0 = Debug|x86
		{9473FCB2-0C69-47FF-A95A-8A9857C3EF26}.Debug|iPhoneSimulator.Deploy.0 = Debug|x86
		{9473FCB2-0C69-47FF-A95A-8A9857C3EF26}.Debug|x64.ActiveCfg = Debug|x64
		{9473FCB2-0C69-47FF-A95A-8A9857C3EF26}.Debug|x64.Build.0 = Debug|x64
		{9473FCB2-0C69-47FF-A95A-8A9857C3EF26}.Debug|x64.Deploy.0 = Debug|x64
		{9473FCB2-0C69-47FF-A95A-8A9857C3EF26}.Debug|x86.ActiveCfg = Debug|x86
		{9473FCB2-0C69-47FF-A95A-8A9857C3EF26}.Debug|x86.Build.0 = Debug|x86
		{9473FCB2-0C69-47FF-A95A-8A9857C3EF26}.Debug|x86.Deploy.0 = Debug|x86
		{9473FCB2-0C69-47FF-A95A-8A9857C3EF26}.Release|Any CPU.ActiveCfg = Release|x86
		{9473FCB2-0C69-47FF-A95A-8A9857C3EF26}.Release|Any CPU.Build.0 = Release|x86
		{9473FCB2-0C69-47FF-A95A-8A9857C3EF26}.Release|Any CPU.Deploy.0 = Release|x86
		{9473FCB2-0C69-47FF-A95A-8A9857C3EF26}.Release|ARM.ActiveCfg = Release|ARM
		{9473FCB2-0C69-47FF-A95A-8A9857C3EF26}.Release|ARM.Build.0 = Release|ARM
		{9473FCB2-0C69-47FF-A95A-8A9857C3EF26}.Release|ARM.Deploy.0 = Release|ARM
		{9473FCB2-0C69-47FF-A95A-8A9857C3EF26}.Release|iPhone.ActiveCfg = Release|x86
		{9473FCB2-0C69-47FF-A95A-8A9857C3EF26}.Release|iPhone.Build.0 = Release|x86
		{9473FCB2-0C69-47FF-A95A-8A9857C3EF26}.Release|iPhone.Deploy.0 = Release|x86
		{9473FCB2-0C69-47FF-A95A-8A9857C3EF26}.Release|iPhoneSimulator.ActiveCfg = Release|x86
		{9473FCB2-0C69-47FF-A95A-8A9857C3EF26}.Release|iPhoneSimulator.Build.0 = Release|x86
		{9473FCB2-0C69-47FF-A95A-8A9857C3EF26}.Release|iPhoneSimulator.Deploy.0 = Release|x86
		{9473FCB2-0C69-47FF-A95A-8A9857C3EF26}.Release|x64.ActiveCfg = Release|x64
		{9473FCB2-0C69-47FF-A95A-8A9857C3EF26}.Release|x64.Build.0 = Release|x64
		{9473FCB2-0C69-47FF-A95A-8A9857C3EF26}.Release|x64.Deploy.0 = Release|x64
		{9473FCB2-0C69-47FF-A95A-8A9857C3EF26}.Release|x86.ActiveCfg = Release|x86
		{9473FCB2-0C69-47FF-A95A-8A9857C3EF26}.Release|x86.Build.0 = Release|x86
		{9473FCB2-0C69-47FF-A95A-8A9857C3EF26}.Release|x86.Deploy.0 = Release|x86
		{C67011B8-FC61-4511-9FA1-BD414839403A}.Debug|Any CPU.ActiveCfg = Debug|Any CPU
		{C67011B8-FC61-4511-9FA1-BD414839403A}.Debug|Any CPU.Build.0 = Debug|Any CPU
		{C67011B8-FC61-4511-9FA1-BD414839403A}.Debug|Any CPU.Deploy.0 = Debug|Any CPU
		{C67011B8-FC61-4511-9FA1-BD414839403A}.Debug|ARM.ActiveCfg = Debug|Any CPU
		{C67011B8-FC61-4511-9FA1-BD414839403A}.Debug|ARM.Build.0 = Debug|Any CPU
		{C67011B8-FC61-4511-9FA1-BD414839403A}.Debug|ARM.Deploy.0 = Debug|Any CPU
		{C67011B8-FC61-4511-9FA1-BD414839403A}.Debug|iPhone.ActiveCfg = Debug|Any CPU
		{C67011B8-FC61-4511-9FA1-BD414839403A}.Debug|iPhone.Build.0 = Debug|Any CPU
		{C67011B8-FC61-4511-9FA1-BD414839403A}.Debug|iPhone.Deploy.0 = Debug|Any CPU
		{C67011B8-FC61-4511-9FA1-BD414839403A}.Debug|iPhoneSimulator.ActiveCfg = Debug|Any CPU
		{C67011B8-FC61-4511-9FA1-BD414839403A}.Debug|iPhoneSimulator.Build.0 = Debug|Any CPU
		{C67011B8-FC61-4511-9FA1-BD414839403A}.Debug|iPhoneSimulator.Deploy.0 = Debug|Any CPU
		{C67011B8-FC61-4511-9FA1-BD414839403A}.Debug|x64.ActiveCfg = Debug|Any CPU
		{C67011B8-FC61-4511-9FA1-BD414839403A}.Debug|x64.Build.0 = Debug|Any CPU
		{C67011B8-FC61-4511-9FA1-BD414839403A}.Debug|x64.Deploy.0 = Debug|Any CPU
		{C67011B8-FC61-4511-9FA1-BD414839403A}.Debug|x86.ActiveCfg = Debug|Any CPU
		{C67011B8-FC61-4511-9FA1-BD414839403A}.Debug|x86.Build.0 = Debug|Any CPU
		{C67011B8-FC61-4511-9FA1-BD414839403A}.Debug|x86.Deploy.0 = Debug|Any CPU
		{C67011B8-FC61-4511-9FA1-BD414839403A}.Release|Any CPU.ActiveCfg = Release|Any CPU
		{C67011B8-FC61-4511-9FA1-BD414839403A}.Release|Any CPU.Build.0 = Release|Any CPU
		{C67011B8-FC61-4511-9FA1-BD414839403A}.Release|Any CPU.Deploy.0 = Release|Any CPU
		{C67011B8-FC61-4511-9FA1-BD414839403A}.Release|ARM.ActiveCfg = Release|Any CPU
		{C67011B8-FC61-4511-9FA1-BD414839403A}.Release|ARM.Build.0 = Release|Any CPU
		{C67011B8-FC61-4511-9FA1-BD414839403A}.Release|ARM.Deploy.0 = Release|Any CPU
		{C67011B8-FC61-4511-9FA1-BD414839403A}.Release|iPhone.ActiveCfg = Release|Any CPU
		{C67011B8-FC61-4511-9FA1-BD414839403A}.Release|iPhone.Build.0 = Release|Any CPU
		{C67011B8-FC61-4511-9FA1-BD414839403A}.Release|iPhone.Deploy.0 = Release|Any CPU
		{C67011B8-FC61-4511-9FA1-BD414839403A}.Release|iPhoneSimulator.ActiveCfg = Release|Any CPU
		{C67011B8-FC61-4511-9FA1-BD414839403A}.Release|iPhoneSimulator.Build.0 = Release|Any CPU
		{C67011B8-FC61-4511-9FA1-BD414839403A}.Release|iPhoneSimulator.Deploy.0 = Release|Any CPU
		{C67011B8-FC61-4511-9FA1-BD414839403A}.Release|x64.ActiveCfg = Release|Any CPU
		{C67011B8-FC61-4511-9FA1-BD414839403A}.Release|x64.Build.0 = Release|Any CPU
		{C67011B8-FC61-4511-9FA1-BD414839403A}.Release|x64.Deploy.0 = Release|Any CPU
		{C67011B8-FC61-4511-9FA1-BD414839403A}.Release|x86.ActiveCfg = Release|Any CPU
		{C67011B8-FC61-4511-9FA1-BD414839403A}.Release|x86.Build.0 = Release|Any CPU
		{C67011B8-FC61-4511-9FA1-BD414839403A}.Release|x86.Deploy.0 = Release|Any CPU
		{BAE6810E-64E1-4F58-9FFC-C5AB0D5F216B}.Debug|Any CPU.ActiveCfg = Debug|iPhoneSimulator
		{BAE6810E-64E1-4F58-9FFC-C5AB0D5F216B}.Debug|Any CPU.Build.0 = Debug|iPhoneSimulator
		{BAE6810E-64E1-4F58-9FFC-C5AB0D5F216B}.Debug|Any CPU.Deploy.0 = Debug|iPhoneSimulator
		{BAE6810E-64E1-4F58-9FFC-C5AB0D5F216B}.Debug|ARM.ActiveCfg = Debug|iPhone
		{BAE6810E-64E1-4F58-9FFC-C5AB0D5F216B}.Debug|ARM.Build.0 = Debug|iPhone
		{BAE6810E-64E1-4F58-9FFC-C5AB0D5F216B}.Debug|ARM.Deploy.0 = Debug|iPhone
		{BAE6810E-64E1-4F58-9FFC-C5AB0D5F216B}.Debug|iPhone.ActiveCfg = Debug|iPhone
		{BAE6810E-64E1-4F58-9FFC-C5AB0D5F216B}.Debug|iPhone.Build.0 = Debug|iPhone
		{BAE6810E-64E1-4F58-9FFC-C5AB0D5F216B}.Debug|iPhone.Deploy.0 = Debug|iPhone
		{BAE6810E-64E1-4F58-9FFC-C5AB0D5F216B}.Debug|iPhoneSimulator.ActiveCfg = Debug|iPhoneSimulator
		{BAE6810E-64E1-4F58-9FFC-C5AB0D5F216B}.Debug|iPhoneSimulator.Build.0 = Debug|iPhoneSimulator
		{BAE6810E-64E1-4F58-9FFC-C5AB0D5F216B}.Debug|iPhoneSimulator.Deploy.0 = Debug|iPhoneSimulator
		{BAE6810E-64E1-4F58-9FFC-C5AB0D5F216B}.Debug|x64.ActiveCfg = Debug|iPhoneSimulator
		{BAE6810E-64E1-4F58-9FFC-C5AB0D5F216B}.Debug|x64.Build.0 = Debug|iPhoneSimulator
		{BAE6810E-64E1-4F58-9FFC-C5AB0D5F216B}.Debug|x64.Deploy.0 = Debug|iPhoneSimulator
		{BAE6810E-64E1-4F58-9FFC-C5AB0D5F216B}.Debug|x86.ActiveCfg = Debug|iPhoneSimulator
		{BAE6810E-64E1-4F58-9FFC-C5AB0D5F216B}.Debug|x86.Build.0 = Debug|iPhoneSimulator
		{BAE6810E-64E1-4F58-9FFC-C5AB0D5F216B}.Debug|x86.Deploy.0 = Debug|iPhoneSimulator
		{BAE6810E-64E1-4F58-9FFC-C5AB0D5F216B}.Release|Any CPU.ActiveCfg = Release|iPhoneSimulator
		{BAE6810E-64E1-4F58-9FFC-C5AB0D5F216B}.Release|Any CPU.Build.0 = Release|iPhoneSimulator
		{BAE6810E-64E1-4F58-9FFC-C5AB0D5F216B}.Release|Any CPU.Deploy.0 = Release|iPhoneSimulator
		{BAE6810E-64E1-4F58-9FFC-C5AB0D5F216B}.Release|ARM.ActiveCfg = Release|iPhoneSimulator
		{BAE6810E-64E1-4F58-9FFC-C5AB0D5F216B}.Release|ARM.Build.0 = Release|iPhoneSimulator
		{BAE6810E-64E1-4F58-9FFC-C5AB0D5F216B}.Release|ARM.Deploy.0 = Release|iPhoneSimulator
		{BAE6810E-64E1-4F58-9FFC-C5AB0D5F216B}.Release|iPhone.ActiveCfg = Release|iPhone
		{BAE6810E-64E1-4F58-9FFC-C5AB0D5F216B}.Release|iPhone.Build.0 = Release|iPhone
		{BAE6810E-64E1-4F58-9FFC-C5AB0D5F216B}.Release|iPhone.Deploy.0 = Release|iPhone
		{BAE6810E-64E1-4F58-9FFC-C5AB0D5F216B}.Release|iPhoneSimulator.ActiveCfg = Release|iPhoneSimulator
		{BAE6810E-64E1-4F58-9FFC-C5AB0D5F216B}.Release|iPhoneSimulator.Build.0 = Release|iPhoneSimulator
		{BAE6810E-64E1-4F58-9FFC-C5AB0D5F216B}.Release|iPhoneSimulator.Deploy.0 = Release|iPhoneSimulator
		{BAE6810E-64E1-4F58-9FFC-C5AB0D5F216B}.Release|x64.ActiveCfg = Release|iPhoneSimulator
		{BAE6810E-64E1-4F58-9FFC-C5AB0D5F216B}.Release|x64.Build.0 = Release|iPhoneSimulator
		{BAE6810E-64E1-4F58-9FFC-C5AB0D5F216B}.Release|x64.Deploy.0 = Release|iPhoneSimulator
		{BAE6810E-64E1-4F58-9FFC-C5AB0D5F216B}.Release|x86.ActiveCfg = Release|iPhoneSimulator
		{BAE6810E-64E1-4F58-9FFC-C5AB0D5F216B}.Release|x86.Build.0 = Release|iPhoneSimulator
		{BAE6810E-64E1-4F58-9FFC-C5AB0D5F216B}.Release|x86.Deploy.0 = Release|iPhoneSimulator
		{7292A481-A143-4738-B418-E7F70E8A5325}.Debug|Any CPU.ActiveCfg = Debug|Any CPU
		{7292A481-A143-4738-B418-E7F70E8A5325}.Debug|Any CPU.Build.0 = Debug|Any CPU
		{7292A481-A143-4738-B418-E7F70E8A5325}.Debug|Any CPU.Deploy.0 = Debug|Any CPU
		{7292A481-A143-4738-B418-E7F70E8A5325}.Debug|ARM.ActiveCfg = Debug|Any CPU
		{7292A481-A143-4738-B418-E7F70E8A5325}.Debug|ARM.Build.0 = Debug|Any CPU
		{7292A481-A143-4738-B418-E7F70E8A5325}.Debug|ARM.Deploy.0 = Debug|Any CPU
		{7292A481-A143-4738-B418-E7F70E8A5325}.Debug|iPhone.ActiveCfg = Debug|Any CPU
		{7292A481-A143-4738-B418-E7F70E8A5325}.Debug|iPhone.Build.0 = Debug|Any CPU
		{7292A481-A143-4738-B418-E7F70E8A5325}.Debug|iPhone.Deploy.0 = Debug|Any CPU
		{7292A481-A143-4738-B418-E7F70E8A5325}.Debug|iPhoneSimulator.ActiveCfg = Debug|Any CPU
		{7292A481-A143-4738-B418-E7F70E8A5325}.Debug|iPhoneSimulator.Build.0 = Debug|Any CPU
		{7292A481-A143-4738-B418-E7F70E8A5325}.Debug|iPhoneSimulator.Deploy.0 = Debug|Any CPU
		{7292A481-A143-4738-B418-E7F70E8A5325}.Debug|x64.ActiveCfg = Debug|Any CPU
		{7292A481-A143-4738-B418-E7F70E8A5325}.Debug|x64.Build.0 = Debug|Any CPU
		{7292A481-A143-4738-B418-E7F70E8A5325}.Debug|x64.Deploy.0 = Debug|Any CPU
		{7292A481-A143-4738-B418-E7F70E8A5325}.Debug|x86.ActiveCfg = Debug|Any CPU
		{7292A481-A143-4738-B418-E7F70E8A5325}.Debug|x86.Build.0 = Debug|Any CPU
		{7292A481-A143-4738-B418-E7F70E8A5325}.Debug|x86.Deploy.0 = Debug|Any CPU
		{7292A481-A143-4738-B418-E7F70E8A5325}.Release|Any CPU.ActiveCfg = Release|Any CPU
		{7292A481-A143-4738-B418-E7F70E8A5325}.Release|Any CPU.Build.0 = Release|Any CPU
		{7292A481-A143-4738-B418-E7F70E8A5325}.Release|Any CPU.Deploy.0 = Release|Any CPU
		{7292A481-A143-4738-B418-E7F70E8A5325}.Release|ARM.ActiveCfg = Release|Any CPU
		{7292A481-A143-4738-B418-E7F70E8A5325}.Release|ARM.Build.0 = Release|Any CPU
		{7292A481-A143-4738-B418-E7F70E8A5325}.Release|ARM.Deploy.0 = Release|Any CPU
		{7292A481-A143-4738-B418-E7F70E8A5325}.Release|iPhone.ActiveCfg = Release|Any CPU
		{7292A481-A143-4738-B418-E7F70E8A5325}.Release|iPhone.Build.0 = Release|Any CPU
		{7292A481-A143-4738-B418-E7F70E8A5325}.Release|iPhone.Deploy.0 = Release|Any CPU
		{7292A481-A143-4738-B418-E7F70E8A5325}.Release|iPhoneSimulator.ActiveCfg = Release|Any CPU
		{7292A481-A143-4738-B418-E7F70E8A5325}.Release|iPhoneSimulator.Build.0 = Release|Any CPU
		{7292A481-A143-4738-B418-E7F70E8A5325}.Release|iPhoneSimulator.Deploy.0 = Release|Any CPU
		{7292A481-A143-4738-B418-E7F70E8A5325}.Release|x64.ActiveCfg = Release|Any CPU
		{7292A481-A143-4738-B418-E7F70E8A5325}.Release|x64.Build.0 = Release|Any CPU
		{7292A481-A143-4738-B418-E7F70E8A5325}.Release|x64.Deploy.0 = Release|Any CPU
		{7292A481-A143-4738-B418-E7F70E8A5325}.Release|x86.ActiveCfg = Release|Any CPU
		{7292A481-A143-4738-B418-E7F70E8A5325}.Release|x86.Build.0 = Release|Any CPU
		{7292A481-A143-4738-B418-E7F70E8A5325}.Release|x86.Deploy.0 = Release|Any CPU
		{DB6A4D83-005D-43AC-94D6-D0066E83ADDA}.Debug|Any CPU.ActiveCfg = Debug|Any CPU
		{DB6A4D83-005D-43AC-94D6-D0066E83ADDA}.Debug|Any CPU.Build.0 = Debug|Any CPU
		{DB6A4D83-005D-43AC-94D6-D0066E83ADDA}.Debug|ARM.ActiveCfg = Debug|Any CPU
		{DB6A4D83-005D-43AC-94D6-D0066E83ADDA}.Debug|ARM.Build.0 = Debug|Any CPU
		{DB6A4D83-005D-43AC-94D6-D0066E83ADDA}.Debug|iPhone.ActiveCfg = Debug|Any CPU
		{DB6A4D83-005D-43AC-94D6-D0066E83ADDA}.Debug|iPhone.Build.0 = Debug|Any CPU
		{DB6A4D83-005D-43AC-94D6-D0066E83ADDA}.Debug|iPhoneSimulator.ActiveCfg = Debug|Any CPU
		{DB6A4D83-005D-43AC-94D6-D0066E83ADDA}.Debug|iPhoneSimulator.Build.0 = Debug|Any CPU
		{DB6A4D83-005D-43AC-94D6-D0066E83ADDA}.Debug|x64.ActiveCfg = Debug|Any CPU
		{DB6A4D83-005D-43AC-94D6-D0066E83ADDA}.Debug|x64.Build.0 = Debug|Any CPU
		{DB6A4D83-005D-43AC-94D6-D0066E83ADDA}.Debug|x86.ActiveCfg = Debug|Any CPU
		{DB6A4D83-005D-43AC-94D6-D0066E83ADDA}.Debug|x86.Build.0 = Debug|Any CPU
		{DB6A4D83-005D-43AC-94D6-D0066E83ADDA}.Release|Any CPU.ActiveCfg = Release|Any CPU
		{DB6A4D83-005D-43AC-94D6-D0066E83ADDA}.Release|Any CPU.Build.0 = Release|Any CPU
		{DB6A4D83-005D-43AC-94D6-D0066E83ADDA}.Release|ARM.ActiveCfg = Release|Any CPU
		{DB6A4D83-005D-43AC-94D6-D0066E83ADDA}.Release|ARM.Build.0 = Release|Any CPU
		{DB6A4D83-005D-43AC-94D6-D0066E83ADDA}.Release|iPhone.ActiveCfg = Release|Any CPU
		{DB6A4D83-005D-43AC-94D6-D0066E83ADDA}.Release|iPhone.Build.0 = Release|Any CPU
		{DB6A4D83-005D-43AC-94D6-D0066E83ADDA}.Release|iPhoneSimulator.ActiveCfg = Release|Any CPU
		{DB6A4D83-005D-43AC-94D6-D0066E83ADDA}.Release|iPhoneSimulator.Build.0 = Release|Any CPU
		{DB6A4D83-005D-43AC-94D6-D0066E83ADDA}.Release|x64.ActiveCfg = Release|Any CPU
		{DB6A4D83-005D-43AC-94D6-D0066E83ADDA}.Release|x64.Build.0 = Release|Any CPU
		{DB6A4D83-005D-43AC-94D6-D0066E83ADDA}.Release|x86.ActiveCfg = Release|Any CPU
		{DB6A4D83-005D-43AC-94D6-D0066E83ADDA}.Release|x86.Build.0 = Release|Any CPU
	EndGlobalSection
	GlobalSection(SolutionProperties) = preSolution
		HideSolutionNode = FALSE
	EndGlobalSection
	GlobalSection(ExtensibilityGlobals) = postSolution
		SolutionGuid = {98BA18B8-DDCA-4157-9C8A-6D0E601D8169}
	EndGlobalSection
EndGlobal
